// !$*UTF8*$!
{
	archiveVersion = 1;
	classes = {
	};
	objectVersion = 48;
	objects = {

/* Begin PBXBuildFile section */
		1A2B77012201F2A40027E9E1 /* Pipe1.swift in Sources */ = {isa = PBXBuildFile; fileRef = 1A2B77002201F2A40027E9E1 /* Pipe1.swift */; };
		1A2B77032201F44F0027E9E1 /* Pipe2.swift in Sources */ = {isa = PBXBuildFile; fileRef = 1A2B77022201F44F0027E9E1 /* Pipe2.swift */; };
		1A598FB32201F1F20000E105 /* ian1.swift in Sources */ = {isa = PBXBuildFile; fileRef = 1A598FB22201F1F20000E105 /* ian1.swift */; };
		1A645F5321FF583700806045 /* Gera1.swift in Sources */ = {isa = PBXBuildFile; fileRef = 1A645F5221FF583700806045 /* Gera1.swift */; };
		1A6FB93A2201F65C00368C15 /* Gera4.swift in Sources */ = {isa = PBXBuildFile; fileRef = 1A6FB9392201F65C00368C15 /* Gera4.swift */; };
		1A6FB93C2201F7B700368C15 /* Gera5.swift in Sources */ = {isa = PBXBuildFile; fileRef = 1A6FB93B2201F7B700368C15 /* Gera5.swift */; };
		1A8302E12201F5AF00AC65D2 /* Pipe3.1416.swift in Sources */ = {isa = PBXBuildFile; fileRef = 1A8302E02201F5AF00AC65D2 /* Pipe3.1416.swift */; };
		1A8302E32201F71B00AC65D2 /* Pipe4.swift in Sources */ = {isa = PBXBuildFile; fileRef = 1A8302E22201F71B00AC65D2 /* Pipe4.swift */; };
		1A89569D21FF57230041D2DA /* AppDelegate.swift in Sources */ = {isa = PBXBuildFile; fileRef = 1A89569C21FF57230041D2DA /* AppDelegate.swift */; };
		1A89569F21FF57230041D2DA /* ViewController.swift in Sources */ = {isa = PBXBuildFile; fileRef = 1A89569E21FF57230041D2DA /* ViewController.swift */; };
		1A8956A221FF57230041D2DA /* Main.storyboard in Resources */ = {isa = PBXBuildFile; fileRef = 1A8956A021FF57230041D2DA /* Main.storyboard */; };
		1A8956A421FF57230041D2DA /* Assets.xcassets in Resources */ = {isa = PBXBuildFile; fileRef = 1A8956A321FF57230041D2DA /* Assets.xcassets */; };
		1A8956A721FF57230041D2DA /* LaunchScreen.storyboard in Resources */ = {isa = PBXBuildFile; fileRef = 1A8956A521FF57230041D2DA /* LaunchScreen.storyboard */; };
		1A8956B221FF57230041D2DA /* proyectoEquipoTests.swift in Sources */ = {isa = PBXBuildFile; fileRef = 1A8956B121FF57230041D2DA /* proyectoEquipoTests.swift */; };
		1A8956BD21FF57230041D2DA /* proyectoEquipoUITests.swift in Sources */ = {isa = PBXBuildFile; fileRef = 1A8956BC21FF57230041D2DA /* proyectoEquipoUITests.swift */; };
		1AA7F3732201EDB10039060D /* memo1.swift in Sources */ = {isa = PBXBuildFile; fileRef = 1AA7F3722201EDB10039060D /* memo1.swift */; };
		1AA7F3752201F3E60039060D /* memo2.2.swift in Sources */ = {isa = PBXBuildFile; fileRef = 1AA7F3742201F3E60039060D /* memo2.2.swift */; };
		1AA7F3772201F5370039060D /* memo3.3.swift in Sources */ = {isa = PBXBuildFile; fileRef = 1AA7F3762201F5370039060D /* memo3.3.swift */; };
		1AA7F3792201F6D70039060D /* memo4.4.swift in Sources */ = {isa = PBXBuildFile; fileRef = 1AA7F3782201F6D70039060D /* memo4.4.swift */; };
		1AA7F37B2201F8120039060D /* memoX.swift in Sources */ = {isa = PBXBuildFile; fileRef = 1AA7F37A2201F8120039060D /* memoX.swift */; };
		1AA9A2E22201F37A0094CE1B /* Gera2.swift in Sources */ = {isa = PBXBuildFile; fileRef = 1AA9A2E12201F37A0094CE1B /* Gera2.swift */; };
		1AA9A2E42201F4DF0094CE1B /* Gera3.swift in Sources */ = {isa = PBXBuildFile; fileRef = 1AA9A2E32201F4DF0094CE1B /* Gera3.swift */; };
		1AE46E492201F4A000CA9439 /* Ian2.swift in Sources */ = {isa = PBXBuildFile; fileRef = 1AE46E482201F4A000CA9439 /* Ian2.swift */; };
		1AE46E4B2201F60100CA9439 /* Ian3.swift in Sources */ = {isa = PBXBuildFile; fileRef = 1AE46E4A2201F60100CA9439 /* Ian3.swift */; };
		1AE46E4D2201F77A00CA9439 /* Ian4.swift in Sources */ = {isa = PBXBuildFile; fileRef = 1AE46E4C2201F77A00CA9439 /* Ian4.swift */; };
/* End PBXBuildFile section */

/* Begin PBXContainerItemProxy section */
		1A8956AE21FF57230041D2DA /* PBXContainerItemProxy */ = {
			isa = PBXContainerItemProxy;
			containerPortal = 1A89569121FF57230041D2DA /* Project object */;
			proxyType = 1;
			remoteGlobalIDString = 1A89569821FF57230041D2DA;
			remoteInfo = proyectoEquipo;
		};
		1A8956B921FF57230041D2DA /* PBXContainerItemProxy */ = {
			isa = PBXContainerItemProxy;
			containerPortal = 1A89569121FF57230041D2DA /* Project object */;
			proxyType = 1;
			remoteGlobalIDString = 1A89569821FF57230041D2DA;
			remoteInfo = proyectoEquipo;
		};
/* End PBXContainerItemProxy section */

/* Begin PBXFileReference section */
		1A2B77002201F2A40027E9E1 /* Pipe1.swift */ = {isa = PBXFileReference; lastKnownFileType = sourcecode.swift; path = Pipe1.swift; sourceTree = "<group>"; };
		1A2B77022201F44F0027E9E1 /* Pipe2.swift */ = {isa = PBXFileReference; lastKnownFileType = sourcecode.swift; path = Pipe2.swift; sourceTree = "<group>"; };
		1A598FB22201F1F20000E105 /* ian1.swift */ = {isa = PBXFileReference; lastKnownFileType = sourcecode.swift; path = ian1.swift; sourceTree = "<group>"; };
		1A645F5221FF583700806045 /* Gera1.swift */ = {isa = PBXFileReference; lastKnownFileType = sourcecode.swift; path = Gera1.swift; sourceTree = "<group>"; };
		1A6FB9392201F65C00368C15 /* Gera4.swift */ = {isa = PBXFileReference; lastKnownFileType = sourcecode.swift; path = Gera4.swift; sourceTree = "<group>"; };
		1A6FB93B2201F7B700368C15 /* Gera5.swift */ = {isa = PBXFileReference; lastKnownFileType = sourcecode.swift; path = Gera5.swift; sourceTree = "<group>"; };
		1A8302E02201F5AF00AC65D2 /* Pipe3.1416.swift */ = {isa = PBXFileReference; lastKnownFileType = sourcecode.swift; path = Pipe3.1416.swift; sourceTree = "<group>"; };
		1A8302E22201F71B00AC65D2 /* Pipe4.swift */ = {isa = PBXFileReference; lastKnownFileType = sourcecode.swift; path = Pipe4.swift; sourceTree = "<group>"; };
		1A89569921FF57230041D2DA /* proyectoEquipo.app */ = {isa = PBXFileReference; explicitFileType = wrapper.application; includeInIndex = 0; path = proyectoEquipo.app; sourceTree = BUILT_PRODUCTS_DIR; };
		1A89569C21FF57230041D2DA /* AppDelegate.swift */ = {isa = PBXFileReference; lastKnownFileType = sourcecode.swift; path = AppDelegate.swift; sourceTree = "<group>"; };
		1A89569E21FF57230041D2DA /* ViewController.swift */ = {isa = PBXFileReference; lastKnownFileType = sourcecode.swift; path = ViewController.swift; sourceTree = "<group>"; };
		1A8956A121FF57230041D2DA /* Base */ = {isa = PBXFileReference; lastKnownFileType = file.storyboard; name = Base; path = Base.lproj/Main.storyboard; sourceTree = "<group>"; };
		1A8956A321FF57230041D2DA /* Assets.xcassets */ = {isa = PBXFileReference; lastKnownFileType = folder.assetcatalog; path = Assets.xcassets; sourceTree = "<group>"; };
		1A8956A621FF57230041D2DA /* Base */ = {isa = PBXFileReference; lastKnownFileType = file.storyboard; name = Base; path = Base.lproj/LaunchScreen.storyboard; sourceTree = "<group>"; };
		1A8956A821FF57230041D2DA /* Info.plist */ = {isa = PBXFileReference; lastKnownFileType = text.plist.xml; path = Info.plist; sourceTree = "<group>"; };
		1A8956AD21FF57230041D2DA /* proyectoEquipoTests.xctest */ = {isa = PBXFileReference; explicitFileType = wrapper.cfbundle; includeInIndex = 0; path = proyectoEquipoTests.xctest; sourceTree = BUILT_PRODUCTS_DIR; };
		1A8956B121FF57230041D2DA /* proyectoEquipoTests.swift */ = {isa = PBXFileReference; lastKnownFileType = sourcecode.swift; path = proyectoEquipoTests.swift; sourceTree = "<group>"; };
		1A8956B321FF57230041D2DA /* Info.plist */ = {isa = PBXFileReference; lastKnownFileType = text.plist.xml; path = Info.plist; sourceTree = "<group>"; };
		1A8956B821FF57230041D2DA /* proyectoEquipoUITests.xctest */ = {isa = PBXFileReference; explicitFileType = wrapper.cfbundle; includeInIndex = 0; path = proyectoEquipoUITests.xctest; sourceTree = BUILT_PRODUCTS_DIR; };
		1A8956BC21FF57230041D2DA /* proyectoEquipoUITests.swift */ = {isa = PBXFileReference; lastKnownFileType = sourcecode.swift; path = proyectoEquipoUITests.swift; sourceTree = "<group>"; };
		1A8956BE21FF57230041D2DA /* Info.plist */ = {isa = PBXFileReference; lastKnownFileType = text.plist.xml; path = Info.plist; sourceTree = "<group>"; };
		1AA7F3722201EDB10039060D /* memo1.swift */ = {isa = PBXFileReference; lastKnownFileType = sourcecode.swift; path = memo1.swift; sourceTree = "<group>"; };
		1AA7F3742201F3E60039060D /* memo2.2.swift */ = {isa = PBXFileReference; lastKnownFileType = sourcecode.swift; path = memo2.2.swift; sourceTree = "<group>"; };
		1AA7F3762201F5370039060D /* memo3.3.swift */ = {isa = PBXFileReference; lastKnownFileType = sourcecode.swift; path = memo3.3.swift; sourceTree = "<group>"; };
		1AA7F3782201F6D70039060D /* memo4.4.swift */ = {isa = PBXFileReference; lastKnownFileType = sourcecode.swift; path = memo4.4.swift; sourceTree = "<group>"; };
		1AA7F37A2201F8120039060D /* memoX.swift */ = {isa = PBXFileReference; lastKnownFileType = sourcecode.swift; path = memoX.swift; sourceTree = "<group>"; };
		1AA9A2E12201F37A0094CE1B /* Gera2.swift */ = {isa = PBXFileReference; lastKnownFileType = sourcecode.swift; path = Gera2.swift; sourceTree = "<group>"; };
		1AA9A2E32201F4DF0094CE1B /* Gera3.swift */ = {isa = PBXFileReference; lastKnownFileType = sourcecode.swift; path = Gera3.swift; sourceTree = "<group>"; };
		1AE46E482201F4A000CA9439 /* Ian2.swift */ = {isa = PBXFileReference; lastKnownFileType = sourcecode.swift; path = Ian2.swift; sourceTree = "<group>"; };
		1AE46E4A2201F60100CA9439 /* Ian3.swift */ = {isa = PBXFileReference; lastKnownFileType = sourcecode.swift; path = Ian3.swift; sourceTree = "<group>"; };
		1AE46E4C2201F77A00CA9439 /* Ian4.swift */ = {isa = PBXFileReference; lastKnownFileType = sourcecode.swift; path = Ian4.swift; sourceTree = "<group>"; };
/* End PBXFileReference section */

/* Begin PBXFrameworksBuildPhase section */
		1A89569621FF57230041D2DA /* Frameworks */ = {
			isa = PBXFrameworksBuildPhase;
			buildActionMask = 2147483647;
			files = (
			);
			runOnlyForDeploymentPostprocessing = 0;
		};
		1A8956AA21FF57230041D2DA /* Frameworks */ = {
			isa = PBXFrameworksBuildPhase;
			buildActionMask = 2147483647;
			files = (
			);
			runOnlyForDeploymentPostprocessing = 0;
		};
		1A8956B521FF57230041D2DA /* Frameworks */ = {
			isa = PBXFrameworksBuildPhase;
			buildActionMask = 2147483647;
			files = (
			);
			runOnlyForDeploymentPostprocessing = 0;
		};
/* End PBXFrameworksBuildPhase section */

/* Begin PBXGroup section */
		1A89569021FF57230041D2DA = {
			isa = PBXGroup;
			children = (
				1A89569B21FF57230041D2DA /* proyectoEquipo */,
				1A8956B021FF57230041D2DA /* proyectoEquipoTests */,
				1A8956BB21FF57230041D2DA /* proyectoEquipoUITests */,
				1A89569A21FF57230041D2DA /* Products */,
			);
			sourceTree = "<group>";
		};
		1A89569A21FF57230041D2DA /* Products */ = {
			isa = PBXGroup;
			children = (
				1A89569921FF57230041D2DA /* proyectoEquipo.app */,
				1A8956AD21FF57230041D2DA /* proyectoEquipoTests.xctest */,
				1A8956B821FF57230041D2DA /* proyectoEquipoUITests.xctest */,
			);
			name = Products;
			sourceTree = "<group>";
		};
		1A89569B21FF57230041D2DA /* proyectoEquipo */ = {
			isa = PBXGroup;
			children = (
				1A89569C21FF57230041D2DA /* AppDelegate.swift */,
				1A89569E21FF57230041D2DA /* ViewController.swift */,
				1A8956A021FF57230041D2DA /* Main.storyboard */,
				1A8956A321FF57230041D2DA /* Assets.xcassets */,
				1A8956A521FF57230041D2DA /* LaunchScreen.storyboard */,
				1A8956A821FF57230041D2DA /* Info.plist */,
				1A645F5221FF583700806045 /* Gera1.swift */,
				1AA7F3722201EDB10039060D /* memo1.swift */,
				1A598FB22201F1F20000E105 /* ian1.swift */,
				1A2B77002201F2A40027E9E1 /* Pipe1.swift */,
				1AA9A2E12201F37A0094CE1B /* Gera2.swift */,
				1AA7F3742201F3E60039060D /* memo2.2.swift */,
				1A2B77022201F44F0027E9E1 /* Pipe2.swift */,
				1AE46E482201F4A000CA9439 /* Ian2.swift */,
				1AA9A2E32201F4DF0094CE1B /* Gera3.swift */,
				1AA7F3762201F5370039060D /* memo3.3.swift */,
				1A8302E02201F5AF00AC65D2 /* Pipe3.1416.swift */,
				1AE46E4A2201F60100CA9439 /* Ian3.swift */,
				1A6FB9392201F65C00368C15 /* Gera4.swift */,
				1AA7F3782201F6D70039060D /* memo4.4.swift */,
				1A8302E22201F71B00AC65D2 /* Pipe4.swift */,
				1AE46E4C2201F77A00CA9439 /* Ian4.swift */,
				1A6FB93B2201F7B700368C15 /* Gera5.swift */,
				1AA7F37A2201F8120039060D /* memoX.swift */,
			);
			path = proyectoEquipo;
			sourceTree = "<group>";
		};
		1A8956B021FF57230041D2DA /* proyectoEquipoTests */ = {
			isa = PBXGroup;
			children = (
				1A8956B121FF57230041D2DA /* proyectoEquipoTests.swift */,
				1A8956B321FF57230041D2DA /* Info.plist */,
			);
			path = proyectoEquipoTests;
			sourceTree = "<group>";
		};
		1A8956BB21FF57230041D2DA /* proyectoEquipoUITests */ = {
			isa = PBXGroup;
			children = (
				1A8956BC21FF57230041D2DA /* proyectoEquipoUITests.swift */,
				1A8956BE21FF57230041D2DA /* Info.plist */,
			);
			path = proyectoEquipoUITests;
			sourceTree = "<group>";
		};
/* End PBXGroup section */

/* Begin PBXNativeTarget section */
		1A89569821FF57230041D2DA /* proyectoEquipo */ = {
			isa = PBXNativeTarget;
			buildConfigurationList = 1A8956C121FF57230041D2DA /* Build configuration list for PBXNativeTarget "proyectoEquipo" */;
			buildPhases = (
				1A89569521FF57230041D2DA /* Sources */,
				1A89569621FF57230041D2DA /* Frameworks */,
				1A89569721FF57230041D2DA /* Resources */,
			);
			buildRules = (
			);
			dependencies = (
			);
			name = proyectoEquipo;
			productName = proyectoEquipo;
			productReference = 1A89569921FF57230041D2DA /* proyectoEquipo.app */;
			productType = "com.apple.product-type.application";
		};
		1A8956AC21FF57230041D2DA /* proyectoEquipoTests */ = {
			isa = PBXNativeTarget;
			buildConfigurationList = 1A8956C421FF57230041D2DA /* Build configuration list for PBXNativeTarget "proyectoEquipoTests" */;
			buildPhases = (
				1A8956A921FF57230041D2DA /* Sources */,
				1A8956AA21FF57230041D2DA /* Frameworks */,
				1A8956AB21FF57230041D2DA /* Resources */,
			);
			buildRules = (
			);
			dependencies = (
				1A8956AF21FF57230041D2DA /* PBXTargetDependency */,
			);
			name = proyectoEquipoTests;
			productName = proyectoEquipoTests;
			productReference = 1A8956AD21FF57230041D2DA /* proyectoEquipoTests.xctest */;
			productType = "com.apple.product-type.bundle.unit-test";
		};
		1A8956B721FF57230041D2DA /* proyectoEquipoUITests */ = {
			isa = PBXNativeTarget;
			buildConfigurationList = 1A8956C721FF57230041D2DA /* Build configuration list for PBXNativeTarget "proyectoEquipoUITests" */;
			buildPhases = (
				1A8956B421FF57230041D2DA /* Sources */,
				1A8956B521FF57230041D2DA /* Frameworks */,
				1A8956B621FF57230041D2DA /* Resources */,
			);
			buildRules = (
			);
			dependencies = (
				1A8956BA21FF57230041D2DA /* PBXTargetDependency */,
			);
			name = proyectoEquipoUITests;
			productName = proyectoEquipoUITests;
			productReference = 1A8956B821FF57230041D2DA /* proyectoEquipoUITests.xctest */;
			productType = "com.apple.product-type.bundle.ui-testing";
		};
/* End PBXNativeTarget section */

/* Begin PBXProject section */
		1A89569121FF57230041D2DA /* Project object */ = {
			isa = PBXProject;
			attributes = {
				LastSwiftUpdateCheck = 0920;
				LastUpgradeCheck = 0920;
				ORGANIZATIONNAME = "Universidad Politecnica de Gómez Palacio";
				TargetAttributes = {
					1A89569821FF57230041D2DA = {
						CreatedOnToolsVersion = 9.2;
						ProvisioningStyle = Automatic;
					};
					1A8956AC21FF57230041D2DA = {
						CreatedOnToolsVersion = 9.2;
						ProvisioningStyle = Automatic;
						TestTargetID = 1A89569821FF57230041D2DA;
					};
					1A8956B721FF57230041D2DA = {
						CreatedOnToolsVersion = 9.2;
						ProvisioningStyle = Automatic;
						TestTargetID = 1A89569821FF57230041D2DA;
					};
				};
			};
			buildConfigurationList = 1A89569421FF57230041D2DA /* Build configuration list for PBXProject "proyectoEquipo" */;
			compatibilityVersion = "Xcode 8.0";
			developmentRegion = en;
			hasScannedForEncodings = 0;
			knownRegions = (
				en,
				Base,
			);
			mainGroup = 1A89569021FF57230041D2DA;
			productRefGroup = 1A89569A21FF57230041D2DA /* Products */;
			projectDirPath = "";
			projectRoot = "";
			targets = (
				1A89569821FF57230041D2DA /* proyectoEquipo */,
				1A8956AC21FF57230041D2DA /* proyectoEquipoTests */,
				1A8956B721FF57230041D2DA /* proyectoEquipoUITests */,
			);
		};
/* End PBXProject section */

/* Begin PBXResourcesBuildPhase section */
		1A89569721FF57230041D2DA /* Resources */ = {
			isa = PBXResourcesBuildPhase;
			buildActionMask = 2147483647;
			files = (
				1A8956A721FF57230041D2DA /* LaunchScreen.storyboard in Resources */,
				1A8956A421FF57230041D2DA /* Assets.xcassets in Resources */,
				1A8956A221FF57230041D2DA /* Main.storyboard in Resources */,
			);
			runOnlyForDeploymentPostprocessing = 0;
		};
		1A8956AB21FF57230041D2DA /* Resources */ = {
			isa = PBXResourcesBuildPhase;
			buildActionMask = 2147483647;
			files = (
			);
			runOnlyForDeploymentPostprocessing = 0;
		};
		1A8956B621FF57230041D2DA /* Resources */ = {
			isa = PBXResourcesBuildPhase;
			buildActionMask = 2147483647;
			files = (
			);
			runOnlyForDeploymentPostprocessing = 0;
		};
/* End PBXResourcesBuildPhase section */

/* Begin PBXSourcesBuildPhase section */
		1A89569521FF57230041D2DA /* Sources */ = {
			isa = PBXSourcesBuildPhase;
			buildActionMask = 2147483647;
			files = (
				1AA7F3752201F3E60039060D /* memo2.2.swift in Sources */,
				1A2B77032201F44F0027E9E1 /* Pipe2.swift in Sources */,
				1A6FB93C2201F7B700368C15 /* Gera5.swift in Sources */,
				1AE46E4B2201F60100CA9439 /* Ian3.swift in Sources */,
				1AA7F37B2201F8120039060D /* memoX.swift in Sources */,
				1A89569F21FF57230041D2DA /* ViewController.swift in Sources */,
				1A2B77012201F2A40027E9E1 /* Pipe1.swift in Sources */,
				1AA7F3732201EDB10039060D /* memo1.swift in Sources */,
				1AA9A2E42201F4DF0094CE1B /* Gera3.swift in Sources */,
				1A8302E12201F5AF00AC65D2 /* Pipe3.1416.swift in Sources */,
				1A6FB93A2201F65C00368C15 /* Gera4.swift in Sources */,
				1AA7F3772201F5370039060D /* memo3.3.swift in Sources */,
				1A8302E32201F71B00AC65D2 /* Pipe4.swift in Sources */,
				1AE46E4D2201F77A00CA9439 /* Ian4.swift in Sources */,
				1AE46E492201F4A000CA9439 /* Ian2.swift in Sources */,
				1AA9A2E22201F37A0094CE1B /* Gera2.swift in Sources */,
				1AA7F3792201F6D70039060D /* memo4.4.swift in Sources */,
				1A598FB32201F1F20000E105 /* ian1.swift in Sources */,
				1A89569D21FF57230041D2DA /* AppDelegate.swift in Sources */,
				1A645F5321FF583700806045 /* Gera1.swift in Sources */,
			);
			runOnlyForDeploymentPostprocessing = 0;
		};
		1A8956A921FF57230041D2DA /* Sources */ = {
			isa = PBXSourcesBuildPhase;
			buildActionMask = 2147483647;
			files = (
				1A8956B221FF57230041D2DA /* proyectoEquipoTests.swift in Sources */,
			);
			runOnlyForDeploymentPostprocessing = 0;
		};
		1A8956B421FF57230041D2DA /* Sources */ = {
			isa = PBXSourcesBuildPhase;
			buildActionMask = 2147483647;
			files = (
				1A8956BD21FF57230041D2DA /* proyectoEquipoUITests.swift in Sources */,
			);
			runOnlyForDeploymentPostprocessing = 0;
		};
/* End PBXSourcesBuildPhase section */

/* Begin PBXTargetDependency section */
		1A8956AF21FF57230041D2DA /* PBXTargetDependency */ = {
			isa = PBXTargetDependency;
			target = 1A89569821FF57230041D2DA /* proyectoEquipo */;
			targetProxy = 1A8956AE21FF57230041D2DA /* PBXContainerItemProxy */;
		};
		1A8956BA21FF57230041D2DA /* PBXTargetDependency */ = {
			isa = PBXTargetDependency;
			target = 1A89569821FF57230041D2DA /* proyectoEquipo */;
			targetProxy = 1A8956B921FF57230041D2DA /* PBXContainerItemProxy */;
		};
/* End PBXTargetDependency section */

/* Begin PBXVariantGroup section */
		1A8956A021FF57230041D2DA /* Main.storyboard */ = {
			isa = PBXVariantGroup;
			children = (
				1A8956A121FF57230041D2DA /* Base */,
			);
			name = Main.storyboard;
			sourceTree = "<group>";
		};
		1A8956A521FF57230041D2DA /* LaunchScreen.storyboard */ = {
			isa = PBXVariantGroup;
			children = (
				1A8956A621FF57230041D2DA /* Base */,
			);
			name = LaunchScreen.storyboard;
			sourceTree = "<group>";
		};
/* End PBXVariantGroup section */

/* Begin XCBuildConfiguration section */
		1A8956BF21FF57230041D2DA /* Debug */ = {
			isa = XCBuildConfiguration;
			buildSettings = {
				ALWAYS_SEARCH_USER_PATHS = NO;
				CLANG_ANALYZER_NONNULL = YES;
				CLANG_ANALYZER_NUMBER_OBJECT_CONVERSION = YES_AGGRESSIVE;
				CLANG_CXX_LANGUAGE_STANDARD = "gnu++14";
				CLANG_CXX_LIBRARY = "libc++";
				CLANG_ENABLE_MODULES = YES;
				CLANG_ENABLE_OBJC_ARC = YES;
				CLANG_WARN_BLOCK_CAPTURE_AUTORELEASING = YES;
				CLANG_WARN_BOOL_CONVERSION = YES;
				CLANG_WARN_COMMA = YES;
				CLANG_WARN_CONSTANT_CONVERSION = YES;
				CLANG_WARN_DIRECT_OBJC_ISA_USAGE = YES_ERROR;
				CLANG_WARN_DOCUMENTATION_COMMENTS = YES;
				CLANG_WARN_EMPTY_BODY = YES;
				CLANG_WARN_ENUM_CONVERSION = YES;
				CLANG_WARN_INFINITE_RECURSION = YES;
				CLANG_WARN_INT_CONVERSION = YES;
				CLANG_WARN_NON_LITERAL_NULL_CONVERSION = YES;
				CLANG_WARN_OBJC_LITERAL_CONVERSION = YES;
				CLANG_WARN_OBJC_ROOT_CLASS = YES_ERROR;
				CLANG_WARN_RANGE_LOOP_ANALYSIS = YES;
				CLANG_WARN_STRICT_PROTOTYPES = YES;
				CLANG_WARN_SUSPICIOUS_MOVE = YES;
				CLANG_WARN_UNGUARDED_AVAILABILITY = YES_AGGRESSIVE;
				CLANG_WARN_UNREACHABLE_CODE = YES;
				CLANG_WARN__DUPLICATE_METHOD_MATCH = YES;
				CODE_SIGN_IDENTITY = "iPhone Developer";
				COPY_PHASE_STRIP = NO;
				DEBUG_INFORMATION_FORMAT = dwarf;
				ENABLE_STRICT_OBJC_MSGSEND = YES;
				ENABLE_TESTABILITY = YES;
				GCC_C_LANGUAGE_STANDARD = gnu11;
				GCC_DYNAMIC_NO_PIC = NO;
				GCC_NO_COMMON_BLOCKS = YES;
				GCC_OPTIMIZATION_LEVEL = 0;
				GCC_PREPROCESSOR_DEFINITIONS = (
					"DEBUG=1",
					"$(inherited)",
				);
				GCC_WARN_64_TO_32_BIT_CONVERSION = YES;
				GCC_WARN_ABOUT_RETURN_TYPE = YES_ERROR;
				GCC_WARN_UNDECLARED_SELECTOR = YES;
				GCC_WARN_UNINITIALIZED_AUTOS = YES_AGGRESSIVE;
				GCC_WARN_UNUSED_FUNCTION = YES;
				GCC_WARN_UNUSED_VARIABLE = YES;
				IPHONEOS_DEPLOYMENT_TARGET = 11.2;
				MTL_ENABLE_DEBUG_INFO = YES;
				ONLY_ACTIVE_ARCH = YES;
				SDKROOT = iphoneos;
				SWIFT_ACTIVE_COMPILATION_CONDITIONS = DEBUG;
				SWIFT_OPTIMIZATION_LEVEL = "-Onone";
			};
			name = Debug;
		};
		1A8956C021FF57230041D2DA /* Release */ = {
			isa = XCBuildConfiguration;
			buildSettings = {
				ALWAYS_SEARCH_USER_PATHS = NO;
				CLANG_ANALYZER_NONNULL = YES;
				CLANG_ANALYZER_NUMBER_OBJECT_CONVERSION = YES_AGGRESSIVE;
				CLANG_CXX_LANGUAGE_STANDARD = "gnu++14";
				CLANG_CXX_LIBRARY = "libc++";
				CLANG_ENABLE_MODULES = YES;
				CLANG_ENABLE_OBJC_ARC = YES;
				CLANG_WARN_BLOCK_CAPTURE_AUTORELEASING = YES;
				CLANG_WARN_BOOL_CONVERSION = YES;
				CLANG_WARN_COMMA = YES;
				CLANG_WARN_CONSTANT_CONVERSION = YES;
				CLANG_WARN_DIRECT_OBJC_ISA_USAGE = YES_ERROR;
				CLANG_WARN_DOCUMENTATION_COMMENTS = YES;
				CLANG_WARN_EMPTY_BODY = YES;
				CLANG_WARN_ENUM_CONVERSION = YES;
				CLANG_WARN_INFINITE_RECURSION = YES;
				CLANG_WARN_INT_CONVERSION = YES;
				CLANG_WARN_NON_LITERAL_NULL_CONVERSION = YES;
				CLANG_WARN_OBJC_LITERAL_CONVERSION = YES;
				CLANG_WARN_OBJC_ROOT_CLASS = YES_ERROR;
				CLANG_WARN_RANGE_LOOP_ANALYSIS = YES;
				CLANG_WARN_STRICT_PROTOTYPES = YES;
				CLANG_WARN_SUSPICIOUS_MOVE = YES;
				CLANG_WARN_UNGUARDED_AVAILABILITY = YES_AGGRESSIVE;
				CLANG_WARN_UNREACHABLE_CODE = YES;
				CLANG_WARN__DUPLICATE_METHOD_MATCH = YES;
				CODE_SIGN_IDENTITY = "iPhone Developer";
				COPY_PHASE_STRIP = NO;
				DEBUG_INFORMATION_FORMAT = "dwarf-with-dsym";
				ENABLE_NS_ASSERTIONS = NO;
				ENABLE_STRICT_OBJC_MSGSEND = YES;
				GCC_C_LANGUAGE_STANDARD = gnu11;
				GCC_NO_COMMON_BLOCKS = YES;
				GCC_WARN_64_TO_32_BIT_CONVERSION = YES;
				GCC_WARN_ABOUT_RETURN_TYPE = YES_ERROR;
				GCC_WARN_UNDECLARED_SELECTOR = YES;
				GCC_WARN_UNINITIALIZED_AUTOS = YES_AGGRESSIVE;
				GCC_WARN_UNUSED_FUNCTION = YES;
				GCC_WARN_UNUSED_VARIABLE = YES;
				IPHONEOS_DEPLOYMENT_TARGET = 11.2;
				MTL_ENABLE_DEBUG_INFO = NO;
				SDKROOT = iphoneos;
				SWIFT_OPTIMIZATION_LEVEL = "-Owholemodule";
				VALIDATE_PRODUCT = YES;
			};
			name = Release;
		};
		1A8956C221FF57230041D2DA /* Debug */ = {
			isa = XCBuildConfiguration;
			buildSettings = {
				ASSETCATALOG_COMPILER_APPICON_NAME = AppIcon;
				CODE_SIGN_STYLE = Automatic;
				INFOPLIST_FILE = proyectoEquipo/Info.plist;
				LD_RUNPATH_SEARCH_PATHS = "$(inherited) @executable_path/Frameworks";
				PRODUCT_BUNDLE_IDENTIFIER = Upgop.proyectoEquipo;
				PRODUCT_NAME = "$(TARGET_NAME)";
				SWIFT_VERSION = 4.0;
				TARGETED_DEVICE_FAMILY = "1,2";
			};
			name = Debug;
		};
		1A8956C321FF57230041D2DA /* Release */ = {
			isa = XCBuildConfiguration;
			buildSettings = {
				ASSETCATALOG_COMPILER_APPICON_NAME = AppIcon;
				CODE_SIGN_STYLE = Automatic;
				INFOPLIST_FILE = proyectoEquipo/Info.plist;
				LD_RUNPATH_SEARCH_PATHS = "$(inherited) @executable_path/Frameworks";
				PRODUCT_BUNDLE_IDENTIFIER = Upgop.proyectoEquipo;
				PRODUCT_NAME = "$(TARGET_NAME)";
				SWIFT_VERSION = 4.0;
				TARGETED_DEVICE_FAMILY = "1,2";
			};
			name = Release;
		};
		1A8956C521FF57230041D2DA /* Debug */ = {
			isa = XCBuildConfiguration;
			buildSettings = {
				ALWAYS_EMBED_SWIFT_STANDARD_LIBRARIES = YES;
				BUNDLE_LOADER = "$(TEST_HOST)";
				CODE_SIGN_STYLE = Automatic;
				INFOPLIST_FILE = proyectoEquipoTests/Info.plist;
				LD_RUNPATH_SEARCH_PATHS = "$(inherited) @executable_path/Frameworks @loader_path/Frameworks";
				PRODUCT_BUNDLE_IDENTIFIER = Upgop.proyectoEquipoTests;
				PRODUCT_NAME = "$(TARGET_NAME)";
				SWIFT_VERSION = 4.0;
				TARGETED_DEVICE_FAMILY = "1,2";
				TEST_HOST = "$(BUILT_PRODUCTS_DIR)/proyectoEquipo.app/proyectoEquipo";
			};
			name = Debug;
		};
		1A8956C621FF57230041D2DA /* Release */ = {
			isa = XCBuildConfiguration;
			buildSettings = {
				ALWAYS_EMBED_SWIFT_STANDARD_LIBRARIES = YES;
				BUNDLE_LOADER = "$(TEST_HOST)";
				CODE_SIGN_STYLE = Automatic;
				INFOPLIST_FILE = proyectoEquipoTests/Info.plist;
				LD_RUNPATH_SEARCH_PATHS = "$(inherited) @executable_path/Frameworks @loader_path/Frameworks";
				PRODUCT_BUNDLE_IDENTIFIER = Upgop.proyectoEquipoTests;
				PRODUCT_NAME = "$(TARGET_NAME)";
				SWIFT_VERSION = 4.0;
				TARGETED_DEVICE_FAMILY = "1,2";
				TEST_HOST = "$(BUILT_PRODUCTS_DIR)/proyectoEquipo.app/proyectoEquipo";
			};
			name = Release;
		};
		1A8956C821FF57230041D2DA /* Debug */ = {
			isa = XCBuildConfiguration;
			buildSettings = {
				ALWAYS_EMBED_SWIFT_STANDARD_LIBRARIES = YES;
				CODE_SIGN_STYLE = Automatic;
				INFOPLIST_FILE = proyectoEquipoUITests/Info.plist;
				LD_RUNPATH_SEARCH_PATHS = "$(inherited) @executable_path/Frameworks @loader_path/Frameworks";
				PRODUCT_BUNDLE_IDENTIFIER = Upgop.proyectoEquipoUITests;
				PRODUCT_NAME = "$(TARGET_NAME)";
				SWIFT_VERSION = 4.0;
				TARGETED_DEVICE_FAMILY = "1,2";
				TEST_TARGET_NAME = proyectoEquipo;
			};
			name = Debug;
		};
		1A8956C921FF57230041D2DA /* Release */ = {
			isa = XCBuildConfiguration;
			buildSettings = {
				ALWAYS_EMBED_SWIFT_STANDARD_LIBRARIES = YES;
				CODE_SIGN_STYLE = Automatic;
				INFOPLIST_FILE = proyectoEquipoUITests/Info.plist;
				LD_RUNPATH_SEARCH_PATHS = "$(inherited) @executable_path/Frameworks @loader_path/Frameworks";
				PRODUCT_BUNDLE_IDENTIFIER = Upgop.proyectoEquipoUITests;
				PRODUCT_NAME = "$(TARGET_NAME)";
				SWIFT_VERSION = 4.0;
				TARGETED_DEVICE_FAMILY = "1,2";
				TEST_TARGET_NAME = proyectoEquipo;
			};
			name = Release;
		};
/* End XCBuildConfiguration section */

/* Begin XCConfigurationList section */
		1A89569421FF57230041D2DA /* Build configuration list for PBXProject "proyectoEquipo" */ = {
			isa = XCConfigurationList;
			buildConfigurations = (
				1A8956BF21FF57230041D2DA /* Debug */,
				1A8956C021FF57230041D2DA /* Release */,
			);
			defaultConfigurationIsVisible = 0;
			defaultConfigurationName = Release;
		};
		1A8956C121FF57230041D2DA /* Build configuration list for PBXNativeTarget "proyectoEquipo" */ = {
			isa = XCConfigurationList;
			buildConfigurations = (
				1A8956C221FF57230041D2DA /* Debug */,
				1A8956C321FF57230041D2DA /* Release */,
			);
			defaultConfigurationIsVisible = 0;
			defaultConfigurationName = Release;
		};
		1A8956C421FF57230041D2DA /* Build configuration list for PBXNativeTarget "proyectoEquipoTests" */ = {
			isa = XCConfigurationList;
			buildConfigurations = (
				1A8956C521FF57230041D2DA /* Debug */,
				1A8956C621FF57230041D2DA /* Release */,
			);
			defaultConfigurationIsVisible = 0;
			defaultConfigurationName = Release;
		};
		1A8956C721FF57230041D2DA /* Build configuration list for PBXNativeTarget "proyectoEquipoUITests" */ = {
			isa = XCConfigurationList;
			buildConfigurations = (
				1A8956C821FF57230041D2DA /* Debug */,
				1A8956C921FF57230041D2DA /* Release */,
			);
			defaultConfigurationIsVisible = 0;
			defaultConfigurationName = Release;
		};
/* End XCConfigurationList section */
	};
	rootObject = 1A89569121FF57230041D2DA /* Project object */;
}
